// !$*UTF8*$!
{
	archiveVersion = 1;
	classes = {
	};
	objectVersion = 77;
	objects = {

/* Begin PBXContainerItemProxy section */
		61EDD8E32E4BA5A90041DE10 /* PBXContainerItemProxy */ = {
			isa = PBXContainerItemProxy;
			containerPortal = 61EDD8C82E4BA5A70041DE10 /* Project object */;
			proxyType = 1;
			remoteGlobalIDString = 61EDD8CF2E4BA5A70041DE10;
			remoteInfo = TXpoker;
		};
		61EDD8ED2E4BA5A90041DE10 /* PBXContainerItemProxy */ = {
			isa = PBXContainerItemProxy;
			containerPortal = 61EDD8C82E4BA5A70041DE10 /* Project object */;
			proxyType = 1;
			remoteGlobalIDString = 61EDD8CF2E4BA5A70041DE10;
			remoteInfo = TXpoker;
		};
/* End PBXContainerItemProxy section */

/* Begin PBXFileReference section */
		61EDD8D02E4BA5A70041DE10 /* TXpoker.app */ = {isa = PBXFileReference; explicitFileType = wrapper.application; includeInIndex = 0; path = TXpoker.app; sourceTree = BUILT_PRODUCTS_DIR; };
		61EDD8E22E4BA5A90041DE10 /* TXpokerTests.xctest */ = {isa = PBXFileReference; explicitFileType = wrapper.cfbundle; includeInIndex = 0; path = TXpokerTests.xctest; sourceTree = BUILT_PRODUCTS_DIR; };
		61EDD8EC2E4BA5A90041DE10 /* TXpokerUITests.xctest */ = {isa = PBXFileReference; explicitFileType = wrapper.cfbundle; includeInIndex = 0; path = TXpokerUITests.xctest; sourceTree = BUILT_PRODUCTS_DIR; };
/* End PBXFileReference section */

/* Begin PBXFileSystemSynchronizedRootGroup section */
		61EDD8D22E4BA5A70041DE10 /* TXpoker */ = {
			isa = PBXFileSystemSynchronizedRootGroup;
			path = TXpoker;
			sourceTree = "<group>";
		};
		61EDD8E52E4BA5A90041DE10 /* TXpokerTests */ = {
			isa = PBXFileSystemSynchronizedRootGroup;
			path = TXpokerTests;
			sourceTree = "<group>";
		};
		61EDD8EF2E4BA5A90041DE10 /* TXpokerUITests */ = {
			isa = PBXFileSystemSynchronizedRootGroup;
			path = TXpokerUITests;
			sourceTree = "<group>";
		};
/* End PBXFileSystemSynchronizedRootGroup section */

/* Begin PBXFrameworksBuildPhase section */
		61EDD8CD2E4BA5A70041DE10 /* Frameworks */ = {
			isa = PBXFrameworksBuildPhase;
			buildActionMask = 2147483647;
			files = (
			);
			runOnlyForDeploymentPostprocessing = 0;
		};
		61EDD8DF2E4BA5A90041DE10 /* Frameworks */ = {
			isa = PBXFrameworksBuildPhase;
			buildActionMask = 2147483647;
			files = (
			);
			runOnlyForDeploymentPostprocessing = 0;
		};
		61EDD8E92E4BA5A90041DE10 /* Frameworks */ = {
			isa = PBXFrameworksBuildPhase;
			buildActionMask = 2147483647;
			files = (
			);
			runOnlyForDeploymentPostprocessing = 0;
		};
/* End PBXFrameworksBuildPhase section */

/* Begin PBXGroup section */
		61EDD8C72E4BA5A70041DE10 = {
			isa = PBXGroup;
			children = (
				61EDD8D22E4BA5A70041DE10 /* TXpoker */,
				61EDD8E52E4BA5A90041DE10 /* TXpokerTests */,
				61EDD8EF2E4BA5A90041DE10 /* TXpokerUITests */,
				61EDD8D12E4BA5A70041DE10 /* Products */,
			);
			sourceTree = "<group>";
		};
		61EDD8D12E4BA5A70041DE10 /* Products */ = {
			isa = PBXGroup;
			children = (
				61EDD8D02E4BA5A70041DE10 /* TXpoker.app */,
				61EDD8E22E4BA5A90041DE10 /* TXpokerTests.xctest */,
				61EDD8EC2E4BA5A90041DE10 /* TXpokerUITests.xctest */,
			);
			name = Products;
			sourceTree = "<group>";
		};
/* End PBXGroup section */

/* Begin PBXNativeTarget section */
		61EDD8CF2E4BA5A70041DE10 /* TXpoker */ = {
			isa = PBXNativeTarget;
			buildConfigurationList = 61EDD8F62E4BA5A90041DE10 /* Build configuration list for PBXNativeTarget "TXpoker" */;
			buildPhases = (
				61EDD8CC2E4BA5A70041DE10 /* Sources */,
				61EDD8CD2E4BA5A70041DE10 /* Frameworks */,
				61EDD8CE2E4BA5A70041DE10 /* Resources */,
			);
			buildRules = (
			);
			dependencies = (
			);
			fileSystemSynchronizedGroups = (
				61EDD8D22E4BA5A70041DE10 /* TXpoker */,
			);
			name = TXpoker;
			packageProductDependencies = (
			);
			productName = TXpoker;
			productReference = 61EDD8D02E4BA5A70041DE10 /* TXpoker.app */;
			productType = "com.apple.product-type.application";
		};
		61EDD8E12E4BA5A90041DE10 /* TXpokerTests */ = {
			isa = PBXNativeTarget;
			buildConfigurationList = 61EDD8F92E4BA5A90041DE10 /* Build configuration list for PBXNativeTarget "TXpokerTests" */;
			buildPhases = (
				61EDD8DE2E4BA5A90041DE10 /* Sources */,
				61EDD8DF2E4BA5A90041DE10 /* Frameworks */,
				61EDD8E02E4BA5A90041DE10 /* Resources */,
			);
			buildRules = (
			);
			dependencies = (
				61EDD8E42E4BA5A90041DE10 /* PBXTargetDependency */,
			);
			fileSystemSynchronizedGroups = (
				61EDD8E52E4BA5A90041DE10 /* TXpokerTests */,
			);
			name = TXpokerTests;
			packageProductDependencies = (
			);
			productName = TXpokerTests;
			productReference = 61EDD8E22E4BA5A90041DE10 /* TXpokerTests.xctest */;
			productType = "com.apple.product-type.bundle.unit-test";
		};
		61EDD8EB2E4BA5A90041DE10 /* TXpokerUITests */ = {
			isa = PBXNativeTarget;
			buildConfigurationList = 61EDD8FC2E4BA5A90041DE10 /* Build configuration list for PBXNativeTarget "TXpokerUITests" */;
			buildPhases = (
				61EDD8E82E4BA5A90041DE10 /* Sources */,
				61EDD8E92E4BA5A90041DE10 /* Frameworks */,
				61EDD8EA2E4BA5A90041DE10 /* Resources */,
			);
			buildRules = (
			);
			dependencies = (
				61EDD8EE2E4BA5A90041DE10 /* PBXTargetDependency */,
			);
			fileSystemSynchronizedGroups = (
				61EDD8EF2E4BA5A90041DE10 /* TXpokerUITests */,
			);
			name = TXpokerUITests;
			packageProductDependencies = (
			);
			productName = TXpokerUITests;
			productReference = 61EDD8EC2E4BA5A90041DE10 /* TXpokerUITests.xctest */;
			productType = "com.apple.product-type.bundle.ui-testing";
		};
/* End PBXNativeTarget section */

/* Begin PBXProject section */
		61EDD8C82E4BA5A70041DE10 /* Project object */ = {
			isa = PBXProject;
			attributes = {
				BuildIndependentTargetsInParallel = 1;
				LastSwiftUpdateCheck = 1620;
				LastUpgradeCheck = 1620;
				TargetAttributes = {
					61EDD8CF2E4BA5A70041DE10 = {
						CreatedOnToolsVersion = 16.2;
					};
					61EDD8E12E4BA5A90041DE10 = {
						CreatedOnToolsVersion = 16.2;
						TestTargetID = 61EDD8CF2E4BA5A70041DE10;
					};
					61EDD8EB2E4BA5A90041DE10 = {
						CreatedOnToolsVersion = 16.2;
						TestTargetID = 61EDD8CF2E4BA5A70041DE10;
					};
				};
			};
			buildConfigurationList = 61EDD8CB2E4BA5A70041DE10 /* Build configuration list for PBXProject "TXpoker" */;
			developmentRegion = en;
			hasScannedForEncodings = 0;
			knownRegions = (
				en,
				Base,
			);
			mainGroup = 61EDD8C72E4BA5A70041DE10;
			minimizedProjectReferenceProxies = 1;
			preferredProjectObjectVersion = 77;
			productRefGroup = 61EDD8D12E4BA5A70041DE10 /* Products */;
			projectDirPath = "";
			projectRoot = "";
			targets = (
				61EDD8CF2E4BA5A70041DE10 /* TXpoker */,
				61EDD8E12E4BA5A90041DE10 /* TXpokerTests */,
				61EDD8EB2E4BA5A90041DE10 /* TXpokerUITests */,
			);
		};
/* End PBXProject section */

/* Begin PBXResourcesBuildPhase section */
		61EDD8CE2E4BA5A70041DE10 /* Resources */ = {
			isa = PBXResourcesBuildPhase;
			buildActionMask = 2147483647;
			files = (
			);
			runOnlyForDeploymentPostprocessing = 0;
		};
		61EDD8E02E4BA5A90041DE10 /* Resources */ = {
			isa = PBXResourcesBuildPhase;
			buildActionMask = 2147483647;
			files = (
			);
			runOnlyForDeploymentPostprocessing = 0;
		};
		61EDD8EA2E4BA5A90041DE10 /* Resources */ = {
			isa = PBXResourcesBuildPhase;
			buildActionMask = 2147483647;
			files = (
			);
			runOnlyForDeploymentPostprocessing = 0;
		};
/* End PBXResourcesBuildPhase section */

/* Begin PBXSourcesBuildPhase section */
		61EDD8CC2E4BA5A70041DE10 /* Sources */ = {
			isa = PBXSourcesBuildPhase;
			buildActionMask = 2147483647;
			files = (
			);
			runOnlyForDeploymentPostprocessing = 0;
		};
		61EDD8DE2E4BA5A90041DE10 /* Sources */ = {
			isa = PBXSourcesBuildPhase;
			buildActionMask = 2147483647;
			files = (
			);
			runOnlyForDeploymentPostprocessing = 0;
		};
		61EDD8E82E4BA5A90041DE10 /* Sources */ = {
			isa = PBXSourcesBuildPhase;
			buildActionMask = 2147483647;
			files = (
			);
			runOnlyForDeploymentPostprocessing = 0;
		};
/* End PBXSourcesBuildPhase section */

/* Begin PBXTargetDependency section */
		61EDD8E42E4BA5A90041DE10 /* PBXTargetDependency */ = {
			isa = PBXTargetDependency;
			target = 61EDD8CF2E4BA5A70041DE10 /* TXpoker */;
			targetProxy = 61EDD8E32E4BA5A90041DE10 /* PBXContainerItemProxy */;
		};
		61EDD8EE2E4BA5A90041DE10 /* PBXTargetDependency */ = {
			isa = PBXTargetDependency;
			target = 61EDD8CF2E4BA5A70041DE10 /* TXpoker */;
			targetProxy = 61EDD8ED2E4BA5A90041DE10 /* PBXContainerItemProxy */;
		};
/* End PBXTargetDependency section */

/* Begin XCBuildConfiguration section */
		61EDD8F42E4BA5A90041DE10 /* Debug */ = {
			isa = XCBuildConfiguration;
			buildSettings = {
				ALWAYS_SEARCH_USER_PATHS = NO;
				ASSETCATALOG_COMPILER_GENERATE_SWIFT_ASSET_SYMBOL_EXTENSIONS = YES;
				CLANG_ANALYZER_NONNULL = YES;
				CLANG_ANALYZER_NUMBER_OBJECT_CONVERSION = YES_AGGRESSIVE;
				CLANG_CXX_LANGUAGE_STANDARD = "gnu++20";
				CLANG_ENABLE_MODULES = YES;
				CLANG_ENABLE_OBJC_ARC = YES;
				CLANG_ENABLE_OBJC_WEAK = YES;
				CLANG_WARN_BLOCK_CAPTURE_AUTORELEASING = YES;
				CLANG_WARN_BOOL_CONVERSION = YES;
				CLANG_WARN_COMMA = YES;
				CLANG_WARN_CONSTANT_CONVERSION = YES;
				CLANG_WARN_DEPRECATED_OBJC_IMPLEMENTATIONS = YES;
				CLANG_WARN_DIRECT_OBJC_ISA_USAGE = YES_ERROR;
				CLANG_WARN_DOCUMENTATION_COMMENTS = YES;
				CLANG_WARN_EMPTY_BODY = YES;
				CLANG_WARN_ENUM_CONVERSION = YES;
				CLANG_WARN_INFINITE_RECURSION = YES;
				CLANG_WARN_INT_CONVERSION = YES;
				CLANG_WARN_NON_LITERAL_NULL_CONVERSION = YES;
				CLANG_WARN_OBJC_IMPLICIT_RETAIN_SELF = YES;
				CLANG_WARN_OBJC_LITERAL_CONVERSION = YES;
				CLANG_WARN_OBJC_ROOT_CLASS = YES_ERROR;
				CLANG_WARN_QUOTED_INCLUDE_IN_FRAMEWORK_HEADER = YES;
				CLANG_WARN_RANGE_LOOP_ANALYSIS = YES;
				CLANG_WARN_STRICT_PROTOTYPES = YES;
				CLANG_WARN_SUSPICIOUS_MOVE = YES;
				CLANG_WARN_UNGUARDED_AVAILABILITY = YES_AGGRESSIVE;
				CLANG_WARN_UNREACHABLE_CODE = YES;
				CLANG_WARN__DUPLICATE_METHOD_MATCH = YES;
				COPY_PHASE_STRIP = NO;
				DEBUG_INFORMATION_FORMAT = dwarf;
				ENABLE_STRICT_OBJC_MSGSEND = YES;
				ENABLE_TESTABILITY = YES;
				ENABLE_USER_SCRIPT_SANDBOXING = YES;
				GCC_C_LANGUAGE_STANDARD = gnu17;
				GCC_DYNAMIC_NO_PIC = NO;
				GCC_NO_COMMON_BLOCKS = YES;
				GCC_OPTIMIZATION_LEVEL = 0;
				GCC_PREPROCESSOR_DEFINITIONS = (
					"DEBUG=1",
					"$(inherited)",
				);
				GCC_WARN_64_TO_32_BIT_CONVERSION = YES;
				GCC_WARN_ABOUT_RETURN_TYPE = YES_ERROR;
				GCC_WARN_UNDECLARED_SELECTOR = YES;
				GCC_WARN_UNINITIALIZED_AUTOS = YES_AGGRESSIVE;
				GCC_WARN_UNUSED_FUNCTION = YES;
				GCC_WARN_UNUSED_VARIABLE = YES;
				IPHONEOS_DEPLOYMENT_TARGET = 18.2;
				LOCALIZATION_PREFERS_STRING_CATALOGS = YES;
				MTL_ENABLE_DEBUG_INFO = INCLUDE_SOURCE;
				MTL_FAST_MATH = YES;
				ONLY_ACTIVE_ARCH = YES;
				SDKROOT = iphoneos;
				SWIFT_ACTIVE_COMPILATION_CONDITIONS = "DEBUG $(inherited)";
				SWIFT_OPTIMIZATION_LEVEL = "-Onone";
			};
			name = Debug;
		};
		61EDD8F52E4BA5A90041DE10 /* Release */ = {
			isa = XCBuildConfiguration;
			buildSettings = {
				ALWAYS_SEARCH_USER_PATHS = NO;
				ASSETCATALOG_COMPILER_GENERATE_SWIFT_ASSET_SYMBOL_EXTENSIONS = YES;
				CLANG_ANALYZER_NONNULL = YES;
				CLANG_ANALYZER_NUMBER_OBJECT_CONVERSION = YES_AGGRESSIVE;
				CLANG_CXX_LANGUAGE_STANDARD = "gnu++20";
				CLANG_ENABLE_MODULES = YES;
				CLANG_ENABLE_OBJC_ARC = YES;
				CLANG_ENABLE_OBJC_WEAK = YES;
				CLANG_WARN_BLOCK_CAPTURE_AUTORELEASING = YES;
				CLANG_WARN_BOOL_CONVERSION = YES;
				CLANG_WARN_COMMA = YES;
				CLANG_WARN_CONSTANT_CONVERSION = YES;
				CLANG_WARN_DEPRECATED_OBJC_IMPLEMENTATIONS = YES;
				CLANG_WARN_DIRECT_OBJC_ISA_USAGE = YES_ERROR;
				CLANG_WARN_DOCUMENTATION_COMMENTS = YES;
				CLANG_WARN_EMPTY_BODY = YES;
				CLANG_WARN_ENUM_CONVERSION = YES;
				CLANG_WARN_INFINITE_RECURSION = YES;
				CLANG_WARN_INT_CONVERSION = YES;
				CLANG_WARN_NON_LITERAL_NULL_CONVERSION = YES;
				CLANG_WARN_OBJC_IMPLICIT_RETAIN_SELF = YES;
				CLANG_WARN_OBJC_LITERAL_CONVERSION = YES;
				CLANG_WARN_OBJC_ROOT_CLASS = YES_ERROR;
				CLANG_WARN_QUOTED_INCLUDE_IN_FRAMEWORK_HEADER = YES;
				CLANG_WARN_RANGE_LOOP_ANALYSIS = YES;
				CLANG_WARN_STRICT_PROTOTYPES = YES;
				CLANG_WARN_SUSPICIOUS_MOVE = YES;
				CLANG_WARN_UNGUARDED_AVAILABILITY = YES_AGGRESSIVE;
				CLANG_WARN_UNREACHABLE_CODE = YES;
				CLANG_WARN__DUPLICATE_METHOD_MATCH = YES;
				COPY_PHASE_STRIP = NO;
				DEBUG_INFORMATION_FORMAT = "dwarf-with-dsym";
				ENABLE_NS_ASSERTIONS = NO;
				ENABLE_STRICT_OBJC_MSGSEND = YES;
				ENABLE_USER_SCRIPT_SANDBOXING = YES;
				GCC_C_LANGUAGE_STANDARD = gnu17;
				GCC_NO_COMMON_BLOCKS = YES;
				GCC_WARN_64_TO_32_BIT_CONVERSION = YES;
				GCC_WARN_ABOUT_RETURN_TYPE = YES_ERROR;
				GCC_WARN_UNDECLARED_SELECTOR = YES;
				GCC_WARN_UNINITIALIZED_AUTOS = YES_AGGRESSIVE;
				GCC_WARN_UNUSED_FUNCTION = YES;
				GCC_WARN_UNUSED_VARIABLE = YES;
				IPHONEOS_DEPLOYMENT_TARGET = 18.2;
				LOCALIZATION_PREFERS_STRING_CATALOGS = YES;
				MTL_ENABLE_DEBUG_INFO = NO;
				MTL_FAST_MATH = YES;
				SDKROOT = iphoneos;
				SWIFT_COMPILATION_MODE = wholemodule;
				VALIDATE_PRODUCT = YES;
			};
			name = Release;
		};
		61EDD8F72E4BA5A90041DE10 /* Debug */ = {
			isa = XCBuildConfiguration;
			buildSettings = {
				ASSETCATALOG_COMPILER_APPICON_NAME = AppIcon;
				ASSETCATALOG_COMPILER_GLOBAL_ACCENT_COLOR_NAME = AccentColor;
				CODE_SIGN_STYLE = Automatic;
				CURRENT_PROJECT_VERSION = 1;
				DEVELOPMENT_ASSET_PATHS = "\"TXpoker/Preview Content\"";
				DEVELOPMENT_TEAM = 94UHLFLVY6;
				ENABLE_PREVIEWS = YES;
				GENERATE_INFOPLIST_FILE = YES;
				INFOPLIST_KEY_UIApplicationSceneManifest_Generation = YES;
				INFOPLIST_KEY_UIApplicationSupportsIndirectInputEvents = YES;
				INFOPLIST_KEY_UILaunchScreen_Generation = YES;
				INFOPLIST_KEY_UISupportedInterfaceOrientations_iPad = "UIInterfaceOrientationPortrait UIInterfaceOrientationPortraitUpsideDown UIInterfaceOrientationLandscapeLeft UIInterfaceOrientationLandscapeRight";
				INFOPLIST_KEY_UISupportedInterfaceOrientations_iPhone = "UIInterfaceOrientationPortrait UIInterfaceOrientationLandscapeLeft UIInterfaceOrientationLandscapeRight";
				LD_RUNPATH_SEARCH_PATHS = (
					"$(inherited)",
					"@executable_path/Frameworks",
				);
				MARKETING_VERSION = 1.0;
				PRODUCT_BUNDLE_IDENTIFIER = Missouryy.TXpoker;
				PRODUCT_NAME = "$(TARGET_NAME)";
				SWIFT_EMIT_LOC_STRINGS = YES;
				SWIFT_VERSION = 5.0;
				TARGETED_DEVICE_FAMILY = "1,2";
			};
			name = Debug;
		};
		61EDD8F82E4BA5A90041DE10 /* Release */ = {
			isa = XCBuildConfiguration;
			buildSettings = {
				ASSETCATALOG_COMPILER_APPICON_NAME = AppIcon;
				ASSETCATALOG_COMPILER_GLOBAL_ACCENT_COLOR_NAME = AccentColor;
				CODE_SIGN_STYLE = Automatic;
				CURRENT_PROJECT_VERSION = 1;
				DEVELOPMENT_ASSET_PATHS = "\"TXpoker/Preview Content\"";
				DEVELOPMENT_TEAM = 94UHLFLVY6;
				ENABLE_PREVIEWS = YES;
				GENERATE_INFOPLIST_FILE = YES;
				INFOPLIST_KEY_UIApplicationSceneManifest_Generation = YES;
				INFOPLIST_KEY_UIApplicationSupportsIndirectInputEvents = YES;
				INFOPLIST_KEY_UILaunchScreen_Generation = YES;
				INFOPLIST_KEY_UISupportedInterfaceOrientations_iPad = "UIInterfaceOrientationPortrait UIInterfaceOrientationPortraitUpsideDown UIInterfaceOrientationLandscapeLeft UIInterfaceOrientationLandscapeRight";
				INFOPLIST_KEY_UISupportedInterfaceOrientations_iPhone = "UIInterfaceOrientationPortrait UIInterfaceOrientationLandscapeLeft UIInterfaceOrientationLandscapeRight";
				LD_RUNPATH_SEARCH_PATHS = (
					"$(inherited)",
					"@executable_path/Frameworks",
				);
				MARKETING_VERSION = 1.0;
				PRODUCT_BUNDLE_IDENTIFIER = Missouryy.TXpoker;
				PRODUCT_NAME = "$(TARGET_NAME)";
				SWIFT_EMIT_LOC_STRINGS = YES;
				SWIFT_VERSION = 5.0;
				TARGETED_DEVICE_FAMILY = "1,2";
			};
			name = Release;
		};
		61EDD8FA2E4BA5A90041DE10 /* Debug */ = {
			isa = XCBuildConfiguration;
			buildSettings = {
				BUNDLE_LOADER = "$(TEST_HOST)";
				CODE_SIGN_STYLE = Automatic;
				CURRENT_PROJECT_VERSION = 1;
				DEVELOPMENT_TEAM = 94UHLFLVY6;
				GENERATE_INFOPLIST_FILE = YES;
				IPHONEOS_DEPLOYMENT_TARGET = 18.2;
				MARKETING_VERSION = 1.0;
				PRODUCT_BUNDLE_IDENTIFIER = Missouryy.TXpokerTests;
				PRODUCT_NAME = "$(TARGET_NAME)";
				SWIFT_EMIT_LOC_STRINGS = NO;
				SWIFT_VERSION = 5.0;
				TARGETED_DEVICE_FAMILY = "1,2";
				TEST_HOST = "$(BUILT_PRODUCTS_DIR)/TXpoker.app/$(BUNDLE_EXECUTABLE_FOLDER_PATH)/TXpoker";
			};
			name = Debug;
		};
		61EDD8FB2E4BA5A90041DE10 /* Release */ = {
			isa = XCBuildConfiguration;
			buildSettings = {
				BUNDLE_LOADER = "$(TEST_HOST)";
				CODE_SIGN_STYLE = Automatic;
				CURRENT_PROJECT_VERSION = 1;
				DEVELOPMENT_TEAM = 94UHLFLVY6;
				GENERATE_INFOPLIST_FILE = YES;
				IPHONEOS_DEPLOYMENT_TARGET = 18.2;
				MARKETING_VERSION = 1.0;
				PRODUCT_BUNDLE_IDENTIFIER = Missouryy.TXpokerTests;
				PRODUCT_NAME = "$(TARGET_NAME)";
				SWIFT_EMIT_LOC_STRINGS = NO;
				SWIFT_VERSION = 5.0;
				TARGETED_DEVICE_FAMILY = "1,2";
				TEST_HOST = "$(BUILT_PRODUCTS_DIR)/TXpoker.app/$(BUNDLE_EXECUTABLE_FOLDER_PATH)/TXpoker";
			};
			name = Release;
		};
		61EDD8FD2E4BA5A90041DE10 /* Debug */ = {
			isa = XCBuildConfiguration;
			buildSettings = {
				CODE_SIGN_STYLE = Automatic;
				CURRENT_PROJECT_VERSION = 1;
				DEVELOPMENT_TEAM = 94UHLFLVY6;
				GENERATE_INFOPLIST_FILE = YES;
				MARKETING_VERSION = 1.0;
				PRODUCT_BUNDLE_IDENTIFIER = Missouryy.TXpokerUITests;
				PRODUCT_NAME = "$(TARGET_NAME)";
				SWIFT_EMIT_LOC_STRINGS = NO;
				SWIFT_VERSION = 5.0;
				TARGETED_DEVICE_FAMILY = "1,2";
				TEST_TARGET_NAME = TXpoker;
			};
			name = Debug;
		};
		61EDD8FE2E4BA5A90041DE10 /* Release */ = {
			isa = XCBuildConfiguration;
			buildSettings = {
				CODE_SIGN_STYLE = Automatic;
				CURRENT_PROJECT_VERSION = 1;
				DEVELOPMENT_TEAM = 94UHLFLVY6;
				GENERATE_INFOPLIST_FILE = YES;
				MARKETING_VERSION = 1.0;
				PRODUCT_BUNDLE_IDENTIFIER = Missouryy.TXpokerUITests;
				PRODUCT_NAME = "$(TARGET_NAME)";
				SWIFT_EMIT_LOC_STRINGS = NO;
				SWIFT_VERSION = 5.0;
				TARGETED_DEVICE_FAMILY = "1,2";
				TEST_TARGET_NAME = TXpoker;
			};
			name = Release;
		};
/* End XCBuildConfiguration section */

/* Begin XCConfigurationList section */
		61EDD8CB2E4BA5A70041DE10 /* Build configuration list for PBXProject "TXpoker" */ = {
			isa = XCConfigurationList;
			buildConfigurations = (
				61EDD8F42E4BA5A90041DE10 /* Debug */,
				61EDD8F52E4BA5A90041DE10 /* Release */,
			);
			defaultConfigurationIsVisible = 0;
			defaultConfigurationName = Release;
		};
		61EDD8F62E4BA5A90041DE10 /* Build configuration list for PBXNativeTarget "TXpoker" */ = {
			isa = XCConfigurationList;
			buildConfigurations = (
				61EDD8F72E4BA5A90041DE10 /* Debug */,
				61EDD8F82E4BA5A90041DE10 /* Release */,
			);
			defaultConfigurationIsVisible = 0;
			defaultConfigurationName = Release;
		};
		61EDD8F92E4BA5A90041DE10 /* Build configuration list for PBXNativeTarget "TXpokerTests" */ = {
			isa = XCConfigurationList;
			buildConfigurations = (
				61EDD8FA2E4BA5A90041DE10 /* Debug */,
				61EDD8FB2E4BA5A90041DE10 /* Release */,
			);
			defaultConfigurationIsVisible = 0;
			defaultConfigurationName = Release;
		};
		61EDD8FC2E4BA5A90041DE10 /* Build configuration list for PBXNativeTarget "TXpokerUITests" */ = {
			isa = XCConfigurationList;
			buildConfigurations = (
				61EDD8FD2E4BA5A90041DE10 /* Debug */,
				61EDD8FE2E4BA5A90041DE10 /* Release */,
			);
			defaultConfigurationIsVisible = 0;
			defaultConfigurationName = Release;
		};
/* End XCConfigurationList section */
	};
	rootObject = 61EDD8C82E4BA5A70041DE10 /* Project object */;
}
